
Microsoft Visual Studio Solution File, Format Version 12.00
# Visual Studio Version 16
VisualStudioVersion = 16.0.29509.3
MinimumVisualStudioVersion = 10.0.40219.1
Project("{FAE04EC0-301F-11D3-BF4B-00C04F79EFBC}") = "InstituteOfFineArts", "InstituteOfFineArts\InstituteOfFineArts.csproj", "{72B05007-F7FF-4B5C-ABAC-21F0FED18CC9}"
EndProject
Global
	GlobalSection(SolutionConfigurationPlatforms) = preSolution
		Debug|Any CPU = Debug|Any CPU
		Release|Any CPU = Release|Any CPU
	EndGlobalSection
	GlobalSection(ProjectConfigurationPlatforms) = postSolution
		{72B05007-F7FF-4B5C-ABAC-21F0FED18CC9}.Debug|Any CPU.ActiveCfg = Debug|Any CPU
		{72B05007-F7FF-4B5C-ABAC-21F0FED18CC9}.Debug|Any CPU.Build.0 = Debug|Any CPU
		{72B05007-F7FF-4B5C-ABAC-21F0FED18CC9}.Release|Any CPU.ActiveCfg = Release|Any CPU
		{72B05007-F7FF-4B5C-ABAC-21F0FED18CC9}.Release|Any CPU.Build.0 = Release|Any CPU
	EndGlobalSection
	GlobalSection(SolutionProperties) = preSolution
		HideSolutionNode = FALSE
	EndGlobalSection
	GlobalSection(ExtensibilityGlobals) = postSolution
		SolutionGuid = {D9AB66AF-F162-42EB-AA7E-0A90D4C6E98B}
	EndGlobalSection
EndGlobal
